
Microsoft Visual Studio Solution File, Format Version 12.00
# Visual Studio Version 16
VisualStudioVersion = 16.0.29411.108
MinimumVisualStudioVersion = 10.0.40219.1
Project("{FAE04EC0-301F-11D3-BF4B-00C04F79EFBC}") = "TaxiApp", "TaxiApp\TaxiApp.csproj", "{4CE52BCE-A909-46DA-BE05-83A7CFC6E6D4}"
EndProject
Global
	GlobalSection(SolutionConfigurationPlatforms) = preSolution
		Debug|Any CPU = Debug|Any CPU
		Release|Any CPU = Release|Any CPU
	EndGlobalSection
	GlobalSection(ProjectConfigurationPlatforms) = postSolution
		{4CE52BCE-A909-46DA-BE05-83A7CFC6E6D4}.Debug|Any CPU.ActiveCfg = Debug|Any CPU
		{4CE52BCE-A909-46DA-BE05-83A7CFC6E6D4}.Debug|Any CPU.Build.0 = Debug|Any CPU
		{4CE52BCE-A909-46DA-BE05-83A7CFC6E6D4}.Release|Any CPU.ActiveCfg = Release|Any CPU
		{4CE52BCE-A909-46DA-BE05-83A7CFC6E6D4}.Release|Any CPU.Build.0 = Release|Any CPU
	EndGlobalSection
	GlobalSection(SolutionProperties) = preSolution
		HideSolutionNode = FALSE
	EndGlobalSection
	GlobalSection(ExtensibilityGlobals) = postSolution
		SolutionGuid = {C4609B43-A711-447E-B6C6-175F44EDF5FC}
	EndGlobalSection
EndGlobal
